
Microsoft Visual Studio Solution File, Format Version 12.00
# Visual Studio Version 16
VisualStudioVersion = 16.0.30523.141
MinimumVisualStudioVersion = 10.0.40219.1
Project("{FAE04EC0-301F-11D3-BF4B-00C04F79EFBC}") = "WebBD_GIBDD", "WebBD_GIBDD\WebBD_GIBDD.csproj", "{D802490F-691B-4874-BFA9-461F3F393207}"
EndProject
Global
	GlobalSection(SolutionConfigurationPlatforms) = preSolution
		Debug|Any CPU = Debug|Any CPU
		Release|Any CPU = Release|Any CPU
	EndGlobalSection
	GlobalSection(ProjectConfigurationPlatforms) = postSolution
		{D802490F-691B-4874-BFA9-461F3F393207}.Debug|Any CPU.ActiveCfg = Debug|Any CPU
		{D802490F-691B-4874-BFA9-461F3F393207}.Debug|Any CPU.Build.0 = Debug|Any CPU
		{D802490F-691B-4874-BFA9-461F3F393207}.Release|Any CPU.ActiveCfg = Release|Any CPU
		{D802490F-691B-4874-BFA9-461F3F393207}.Release|Any CPU.Build.0 = Release|Any CPU
	EndGlobalSection
	GlobalSection(SolutionProperties) = preSolution
		HideSolutionNode = FALSE
	EndGlobalSection
	GlobalSection(ExtensibilityGlobals) = postSolution
		SolutionGuid = {DFFB8F19-4FD0-4BFE-A83B-A2A3580649C9}
	EndGlobalSection
EndGlobal
